
Microsoft Visual Studio Solution File, Format Version 12.00
# Visual Studio Version 17
VisualStudioVersion = 17.3.32901.215
MinimumVisualStudioVersion = 10.0.40219.1
Project("{FAE04EC0-301F-11D3-BF4B-00C04F79EFBC}") = "bolum1odev2", "bolum1odev2\bolum1odev2.csproj", "{80A9639C-D3F0-4884-B224-8A8A1CD30094}"
EndProject
Global
	GlobalSection(SolutionConfigurationPlatforms) = preSolution
		Debug|Any CPU = Debug|Any CPU
		Release|Any CPU = Release|Any CPU
	EndGlobalSection
	GlobalSection(ProjectConfigurationPlatforms) = postSolution
		{80A9639C-D3F0-4884-B224-8A8A1CD30094}.Debug|Any CPU.ActiveCfg = Debug|Any CPU
		{80A9639C-D3F0-4884-B224-8A8A1CD30094}.Debug|Any CPU.Build.0 = Debug|Any CPU
		{80A9639C-D3F0-4884-B224-8A8A1CD30094}.Release|Any CPU.ActiveCfg = Release|Any CPU
		{80A9639C-D3F0-4884-B224-8A8A1CD30094}.Release|Any CPU.Build.0 = Release|Any CPU
	EndGlobalSection
	GlobalSection(SolutionProperties) = preSolution
		HideSolutionNode = FALSE
	EndGlobalSection
	GlobalSection(ExtensibilityGlobals) = postSolution
		SolutionGuid = {C153B822-DF67-4500-9EF8-1127B9BE0CB2}
	EndGlobalSection
EndGlobal
